[
  {
    "slug": "vimium-ff",
    "name": "Vimium",
    "version": "2.2.1",
    "addonId": "{d7742d87-e61d-4b78-b8a1-b469842139fa}",
    "url": "https://addons.mozilla.org/firefox/downloads/file/4458679/vimium_ff-2.2.1.xpi",
    "sha256": "sha256:9061c7515114a78dcddadbbfde9e77120975140337d1b28695e303ceedaf6182",
    "homepage": "https://github.com/philc/vimium",
    "description": "The Hacker's Browser. Vimium provides keyboard shortcuts for navigation and control in the spirit of Vim.",
    "license": "MIT"
  },
  {
    "slug": "hyper-read",
    "name": null,
    "version": "1.1",
    "addonId": "{2160556a-1fc4-453c-9dba-6707507bf5aa}",
    "url": "https://addons.mozilla.org/firefox/downloads/file/4181453/hyper_read-1.1.xpi",
    "sha256": "sha256:ebcd5d72156e93ea87ca4fce38406d50c4d5dcf92b0f5493e08171d69f6c7cb4",
    "homepage": "https://addons.mozilla.org/en-US/firefox/addon/hyper-read/",
    "description": null,
    "license": "MPL-2.0"
  },
  {
    "slug": "malwarebytes",
    "name": "Malwarebytes Browser Guard",
    "version": "3.0.18",
    "addonId": "{242af0bb-db11-4734-b7a0-61cb8a9b20fb}",
    "url": "https://addons.mozilla.org/firefox/downloads/file/4480102/malwarebytes-3.0.18.xpi",
    "sha256": "sha256:d061caead81c059aa7fe4fd6f2678d2c3956fe5c67374b3b1d78744a782130ab",
    "homepage": "https://www.malwarebytes.com",
    "description": "The fastest and safest web browsing experience. Secure your privacy by blocking trackers, blocking ads, and blocking malicious content.",
    "license": null
  },
  {
    "slug": "ublock-origin",
    "name": "uBlock Origin",
    "version": "1.63.2",
    "addonId": "uBlock0@raymondhill.net",
    "url": "https://addons.mozilla.org/firefox/downloads/file/4458450/ublock_origin-1.63.2.xpi",
    "sha256": "sha256:d93176cef4dc042e41ba500aa2a90e5d57b5be77449cbd522111585e3a0cd158",
    "homepage": "https://github.com/gorhill/uBlock#ublock-origin",
    "description": "Finally, an efficient wide-spectrum content blocker. Easy on CPU and memory.",
    "license": "GPL-3.0-only"
  },
  {
    "slug": "refined-github-",
    "name": "Refined GitHub",
    "version": "25.4.8",
    "addonId": "{a4c4eda4-fb84-4a84-b4a1-f7c1cbf2a1ad}",
    "url": "https://addons.mozilla.org/firefox/downloads/file/4470107/refined_github-25.4.8.xpi",
    "sha256": "sha256:4e07f83622497c5ea1e2fb39f94d910233cdf467a562df4b37dc39adea6fba47",
    "homepage": "https://github.com/refined-github/refined-github",
    "description": "Simplifies the GitHub interface and adds many useful features.",
    "license": "MIT"
  },
  {
    "slug": "fastforwardteam",
    "name": "FastForward",
    "version": "0.2383",
    "addonId": "addon@fastforward.team",
    "url": "https://addons.mozilla.org/firefox/downloads/file/4258067/fastforwardteam-0.2383.xpi",
    "sha256": "sha256:eec6328df3df1afe2cb6a331f6907669d804235551ea766d48655f8f831caf28",
    "homepage": "https://fastforward.team",
    "description": "Don't waste time with compliance. Use FastForward to skip annoying URL \"shorteners\".",
    "license": null
  },
  {
    "slug": "auto-tab-discard",
    "name": "Auto Tab Discard",
    "version": "0.6.7",
    "addonId": "{c2c003ee-bd69-42a2-b0e9-6f34222cb046}",
    "url": "https://addons.mozilla.org/firefox/downloads/file/4045009/auto_tab_discard-0.6.7.xpi",
    "sha256": "sha256:89e59b8603c444258c89a507d7126be52ad7a35e4f7b8cfbca039b746f70b5d5",
    "homepage": "https://webextension.org/listing/tab-discard.html",
    "description": "Increase browser speed and reduce memory load and when you have numerous open tabs.",
    "license": "MPL-2.0"
  },
  {
    "slug": "rust-search-extension",
    "name": "Rust Search Extension",
    "version": "2.0.2",
    "addonId": "{04188724-64d3-497b-a4fd-7caffe6eab29}",
    "url": "https://addons.mozilla.org/firefox/downloads/file/4435641/rust_search_extension-2.0.2.xpi",
    "sha256": "sha256:10f521001a9fd9c7b8c5f8133daa74de01a5db33fb283b6b472b49c183e8418c",
    "homepage": "https://rust.extension.sh",
    "description": "The ultimate search extension for Rust\n\nSearch std docs, crates, builtin attributes, official books, and error codes, etc in your address bar instantly.\nhttps://rust.extension.sh",
    "license": "MPL-2.0"
  },
  {
    "slug": "adaptive-tab-bar-colour",
    "name": "Adaptive Tab Bar Color",
    "version": "2.4",
    "addonId": "ATBC@EasonWong",
    "url": "https://addons.mozilla.org/firefox/downloads/file/4465446/adaptive_tab_bar_colour-2.4.xpi",
    "sha256": "sha256:4ec405a048118fc6daa6df0f022f7578578803361db97276881faa840543cf85",
    "homepage": "https://addons.mozilla.org/en-US/firefox/addon/adaptive-tab-bar-colour/",
    "description": "Changes the color of Firefox theme to match the website’s appearance.",
    "license": "MIT"
  },
  {
    "slug": "bitwarden-password-manager",
    "name": "Bitwarden Password Manager",
    "version": "2025.4.0",
    "addonId": "{446900e4-71c2-419f-a6a7-df9c091e268b}",
    "url": "https://addons.mozilla.org/firefox/downloads/file/4484791/bitwarden_password_manager-2025.4.0.xpi",
    "sha256": "sha256:643cb6fd7b9d1b209f82ca552342390a45c3edc94645cb049e49d016ee28b63c",
    "homepage": "https://bitwarden.com",
    "description": "At home, at work, or on the go, Bitwarden easily secures all your passwords, passkeys, and sensitive information.",
    "license": "GPL-3.0-only"
  }
]