[
  {
    "slug": "vimium-ff",
    "name": "Vimium",
    "version": "2.1.2",
    "addonId": "{d7742d87-e61d-4b78-b8a1-b469842139fa}",
    "url": "https://addons.mozilla.org/firefox/downloads/file/4259790/vimium_ff-2.1.2.xpi",
    "sha256": "sha256:3b9d43ee277ff374e3b1153f97dc20cb06e654116a833674c79b43b8887820e1",
    "homepage": "https://github.com/philc/vimium",
    "description": "The Hacker's Browser. Vimium provides keyboard shortcuts for navigation and control in the spirit of Vim.",
    "license": "MIT"
  },
  {
    "slug": "hyper-read",
    "name": null,
    "version": "1.1",
    "addonId": "{2160556a-1fc4-453c-9dba-6707507bf5aa}",
    "url": "https://addons.mozilla.org/firefox/downloads/file/4181453/hyper_read-1.1.xpi",
    "sha256": "sha256:ebcd5d72156e93ea87ca4fce38406d50c4d5dcf92b0f5493e08171d69f6c7cb4",
    "homepage": "https://addons.mozilla.org/en-US/firefox/addon/hyper-read/",
    "description": null,
    "license": "MPL-2.0"
  },
  {
    "slug": "malwarebytes",
    "name": "Malwarebytes Browser Guard",
    "version": "2.6.27",
    "addonId": "{242af0bb-db11-4734-b7a0-61cb8a9b20fb}",
    "url": "https://addons.mozilla.org/firefox/downloads/file/4301528/malwarebytes-2.6.27.xpi",
    "sha256": "sha256:08df30eaf90c879f35104841f5b6985d1ad657d5fcd3050b653e4f7d5a6910eb",
    "homepage": "https://www.malwarebytes.com",
    "description": "The fastest and safest web browsing experience. Secure your privacy by blocking trackers, blocking ads, and blocking malicious content.",
    "license": null
  },
  {
    "slug": "ublock-origin",
    "name": "uBlock Origin",
    "version": "1.60.0",
    "addonId": "uBlock0@raymondhill.net",
    "url": "https://addons.mozilla.org/firefox/downloads/file/4359936/ublock_origin-1.60.0.xpi",
    "sha256": "sha256:e2cda9b2a1b0a7f6e5ef0da9f87f28df52f8560587ba2e51a3003121cfb81600",
    "homepage": "https://github.com/gorhill/uBlock#ublock-origin",
    "description": "Finally, an efficient wide-spectrum content blocker. Easy on CPU and memory.",
    "license": "GPL-3.0-or-later"
  },
  {
    "slug": "refined-github-",
    "name": "Refined GitHub",
    "version": "24.10.1",
    "addonId": "{a4c4eda4-fb84-4a84-b4a1-f7c1cbf2a1ad}",
    "url": "https://addons.mozilla.org/firefox/downloads/file/4362555/refined_github-24.10.1.xpi",
    "sha256": "sha256:d922b9094365977860ec490d66fa96b004bb8446084930111514b2d8a6143c1d",
    "homepage": "https://github.com/refined-github/refined-github",
    "description": "Simplifies the GitHub interface and adds many useful features.",
    "license": "MIT"
  },
  {
    "slug": "fastforwardteam",
    "name": "FastForward",
    "version": "0.2383",
    "addonId": "addon@fastforward.team",
    "url": "https://addons.mozilla.org/firefox/downloads/file/4258067/fastforwardteam-0.2383.xpi",
    "sha256": "sha256:eec6328df3df1afe2cb6a331f6907669d804235551ea766d48655f8f831caf28",
    "homepage": "https://fastforward.team",
    "description": "Don't waste time with compliance. Use FastForward to skip annoying URL \"shorteners\".",
    "license": null
  },
  {
    "slug": "rust-search-extension",
    "name": "Rust Search Extension",
    "version": "1.13.0",
    "addonId": "{04188724-64d3-497b-a4fd-7caffe6eab29}",
    "url": "https://addons.mozilla.org/firefox/downloads/file/4236369/rust_search_extension-1.13.0.xpi",
    "sha256": "sha256:59ddefdab6cd7dbe5fb368fe6fac2eace052060bf9357dd39bc9c7ff3439be13",
    "homepage": "https://rust.extension.sh",
    "description": "The ultimate search extension for Rust\n\nSearch std docs, crates, builtin attributes, official books, and error codes, etc in your address bar instantly.\n<a href=\"https://prod.outgoing.prod.webservices.mozgcp.net/v1/4af48e3229ba03b454fb9b352a7e5a4c038e1bcc6721bf744b781a5e96b9e798/https%3A//rust.extension.sh\" rel=\"nofollow\">https://rust.extension.sh</a>",
    "license": "MPL-2.0"
  },
  {
    "slug": "adaptive-tab-bar-colour",
    "name": "Adaptive Tab Bar Color",
    "version": "2.1.4",
    "addonId": "ATBC@EasonWong",
    "url": "https://addons.mozilla.org/firefox/downloads/file/4159211/adaptive_tab_bar_colour-2.1.4.xpi",
    "sha256": "sha256:401e064048826dd627f02043ee04081b7caed191161f3de7cc89c22b4a222ff8",
    "homepage": "https://addons.mozilla.org/en-US/firefox/addon/adaptive-tab-bar-colour/",
    "description": "Changes the color of Firefox tab bar to match the website theme.",
    "license": "MIT"
  },
  {
    "slug": "bitwarden-password-manager",
    "name": "Bitwarden Password Manager",
    "version": "2024.9.1",
    "addonId": "{446900e4-71c2-419f-a6a7-df9c091e268b}",
    "url": "https://addons.mozilla.org/firefox/downloads/file/4355865/bitwarden_password_manager-2024.9.1.xpi",
    "sha256": "sha256:f484fbcd1e45e4a68f2eec8fb8c22fed5a77f1a00b515f38c167e36b4d6118bf",
    "homepage": "https://bitwarden.com",
    "description": "At home, at work, or on the go, Bitwarden easily secures all your passwords, passkeys, and sensitive information.",
    "license": "GPL-3.0-or-later"
  }
]